{
  "binds": {
    "finance_query::Ticker": "cf072856b2d2f716",
    "finance_query::Tickers": "02e3b3cf7e934806",
    "finance_query::adapters::yahoo::discovery::lookup::LookupType": "bd43904ed5eb7ca3",
    "finance_query::adapters::yahoo::discovery::search::SearchOptions": "3b5c45b79fa73ec0",
    "finance_query::backtesting::config::BacktestConfig": "a749344759d82bfe",
    "finance_query::backtesting::engine::BacktestEngine": "de98e01c8b31704b",
    "finance_query::backtesting::strategy::prebuilt::SmaCrossover": "c8c0c46bfbbefe96",
    "finance_query::constants::enums::interval::Interval": "d18a25746f10f1c2",
    "finance_query::constants::enums::region::Region": "f1dd80b3d4c258fb",
    "finance_query::constants::enums::time_range::TimeRange": "e71e5d31a7115fe3",
    "finance_query::constants::screeners::Screener": "712b76d87099028e",
    "finance_query::constants::sectors::Sector": "4874780d34cbf6dc",
    "finance_query::edgar": "545a80b885c504e8",
    "finance_query::error::ErrorCategory": "097d7603a22d9d23",
    "finance_query::error::FinanceError": "f01af11e96248242",
    "finance_query::feeds::FeedEntry": "98f0206442e5b875",
    "finance_query::indicators::bollinger::BollingerBands": "4551d0602a01f279",
    "finance_query::indicators::macd::MacdResult": "910bbe221282af50",
    "finance_query::indicators::patterns::CandlePattern": "f1b46432fc914dce",
    "finance_query::models::calendar::CalendarEvent": "457572d6f7ecb04e",
    "finance_query::models::chart::candle::Candle": "24e8edf106223cc8",
    "finance_query::models::chart::data::Chart": "9a21762134c73b3f",
    "finance_query::models::chart::dividend_analytics::DividendAnalytics": "79710bf72ba5eeb9",
    "finance_query::models::chart::events::Dividend": "853f63745dfa1ea8",
    "finance_query::models::chart::spark::Spark": "22e731d404d8a014",
    "finance_query::models::commodities::CommodityQuote": "70fa835be2fc04b1",
    "finance_query::models::crypto::CoinQuote": "dcbcc73e7eede1c1",
    "finance_query::models::crypto::CryptoQuote": "12985c2ee724e68f",
    "finance_query::models::discovery::screeners::fields::EquityField": "9bf25e067038392d",
    "finance_query::models::discovery::screeners::fields::FundField": "98e9532081871eb2",
    "finance_query::models::economic::EconomicSeries": "3c61cbecfe231f89",
    "finance_query::models::economic::MacroObservation": "2b8921fca9cbe5b6",
    "finance_query::models::economic::MacroSeries": "92381598f79241e0",
    "finance_query::models::economic::TreasuryYield": "bd0f8cfefaba110e",
    "finance_query::models::filings::company_facts::CompanyFacts": "f35d15bf0f9d0ba0",
    "finance_query::models::filings::ownership::CongressionalTrade": "4b6471d7375a885e",
    "finance_query::models::filings::ownership::FailToDeliver": "adb1907aa5c68838",
    "finance_query::models::filings::provider::ProviderFiling": "93fb2c217b319cdf",
    "finance_query::models::filings::provider::ProviderFilings": "0818196a3a5077ca",
    "finance_query::models::filings::submissions::EdgarSubmissions": "f6dbde02122fbf08",
    "finance_query::models::forex::ForexQuote": "109e0da9a1050f1a",
    "finance_query::models::futures::FuturesQuote": "e1aade9ab704792d",
    "finance_query::models::indices::IndexQuote": "b62c81a201dfec49",
    "finance_query::models::sentiment::response::FearAndGreed": "9ff1c525f8b3de3d",
    "finance_query::providers::Capability": "2f58b918177f54e7",
    "finance_query::providers::Fetch": "716d0ecf6acde694",
    "finance_query::providers::Provider": "7ad662e5ae9e1027",
    "finance_query::risk::RiskSummary": "ce95c5249016cb91",
    "finance_query::risk::beta::beta": "0dfd56b8cbadb56d",
    "finance_query::risk::ratios::sharpe_ratio": "25ed949fa65a8abe",
    "finance_query::streaming::news::NewsStream": "f46aacaf8fa4065a",
    "finance_query::streaming::pricing::PriceUpdate": "a8148fe61b9e0749",
    "finance_query::ticker::core::Ticker": "cf072856b2d2f716",
    "finance_query::tickers::core::BatchQuotesResponse": "0aac9488bf266f1d",
    "finance_query::tickers::core::TickersBuilder": "d52af89eba0a1c09",
    "finance_query::translation::backend::TranslationBackend": "9af696e0efb0cbc0",
    "finance_query::translation::lang::Lang": "d59ce7ea855f675b",
    "finance_query::translation::translate_texts": "cea9a1b68e55234b"
  },
  "version": 1
}
